
Microsoft Visual Studio Solution File, Format Version 12.00
# Visual Studio Version 17
VisualStudioVersion = 17.14.36414.22
MinimumVisualStudioVersion = 10.0.40219.1
Project("{FAE04EC0-301F-11D3-BF4B-00C04F79EFBC}") = "MicroserviceTemplate", "MicroserviceTemplate\MicroserviceTemplate.csproj", "{ED0677F4-16D1-4F28-A0AD-552866B1D392}"
EndProject
Global
	GlobalSection(SolutionConfigurationPlatforms) = preSolution
		Debug|Any CPU = Debug|Any CPU
		Release|Any CPU = Release|Any CPU
	EndGlobalSection
	GlobalSection(ProjectConfigurationPlatforms) = postSolution
		{ED0677F4-16D1-4F28-A0AD-552866B1D392}.Debug|Any CPU.ActiveCfg = Debug|Any CPU
		{ED0677F4-16D1-4F28-A0AD-552866B1D392}.Debug|Any CPU.Build.0 = Debug|Any CPU
		{ED0677F4-16D1-4F28-A0AD-552866B1D392}.Release|Any CPU.ActiveCfg = Release|Any CPU
		{ED0677F4-16D1-4F28-A0AD-552866B1D392}.Release|Any CPU.Build.0 = Release|Any CPU
	EndGlobalSection
	GlobalSection(SolutionProperties) = preSolution
		HideSolutionNode = FALSE
	EndGlobalSection
	GlobalSection(ExtensibilityGlobals) = postSolution
		SolutionGuid = {CDE97C04-6480-4C4B-9FCB-F332E40A9FD7}
	EndGlobalSection
EndGlobal
